
Microsoft Visual Studio Solution File, Format Version 11.00
# Visual Studio 2010
Project("{FAE04EC0-301F-11D3-BF4B-00C04F79EFBC}") = "bgScrollForRealz", "bgScrollForRealz\bgScrollForRealz.csproj", "{2ad3620a-01d6-4b3d-aadc-b53d65fffe11}"
EndProject
Global
	GlobalSection(SolutionConfigurationPlatforms) = preSolution
		Debug|Any CPU = Debug|Any CPU
		Release|Any CPU = Release|Any CPU
	EndGlobalSection
	GlobalSection(ProjectConfigurationPlatforms) = postSolution
		{2AD3620A-01D6-4B3D-AADC-B53D65FFFE11}.Debug|Any CPU.ActiveCfg = Debug|Any CPU
		{2AD3620A-01D6-4B3D-AADC-B53D65FFFE11}.Debug|Any CPU.Build.0 = Debug|Any CPU
		{2AD3620A-01D6-4B3D-AADC-B53D65FFFE11}.Debug|Any CPU.Deploy.0 = Debug|Any CPU
		{2AD3620A-01D6-4B3D-AADC-B53D65FFFE11}.Release|Any CPU.ActiveCfg = Release|Any CPU
		{2AD3620A-01D6-4B3D-AADC-B53D65FFFE11}.Release|Any CPU.Build.0 = Release|Any CPU
		{2AD3620A-01D6-4B3D-AADC-B53D65FFFE11}.Release|Any CPU.Deploy.0 = Release|Any CPU
	EndGlobalSection
EndGlobal
